
Microsoft Visual Studio Solution File, Format Version 12.00
# Visual Studio Version 17
VisualStudioVersion = 17.0.31919.166
MinimumVisualStudioVersion = 10.0.40219.1
Project("{FAE04EC0-301F-11D3-BF4B-00C04F79EFBC}") = "BookStoreApp.Api", "BookStoreApp.Api\BookStoreApp.Api.csproj", "{73CE148D-6EA4-4748-8FE0-A624E32F729B}"
EndProject
Global
	GlobalSection(SolutionConfigurationPlatforms) = preSolution
		Debug|Any CPU = Debug|Any CPU
		Release|Any CPU = Release|Any CPU
	EndGlobalSection
	GlobalSection(ProjectConfigurationPlatforms) = postSolution
		{73CE148D-6EA4-4748-8FE0-A624E32F729B}.Debug|Any CPU.ActiveCfg = Debug|Any CPU
		{73CE148D-6EA4-4748-8FE0-A624E32F729B}.Debug|Any CPU.Build.0 = Debug|Any CPU
		{73CE148D-6EA4-4748-8FE0-A624E32F729B}.Release|Any CPU.ActiveCfg = Release|Any CPU
		{73CE148D-6EA4-4748-8FE0-A624E32F729B}.Release|Any CPU.Build.0 = Release|Any CPU
	EndGlobalSection
	GlobalSection(SolutionProperties) = preSolution
		HideSolutionNode = FALSE
	EndGlobalSection
	GlobalSection(ExtensibilityGlobals) = postSolution
		SolutionGuid = {96D452A1-08D9-48ED-AC33-3C5BE6F19EE5}
	EndGlobalSection
EndGlobal
